
Microsoft Visual Studio Solution File, Format Version 12.00
Project("{FAE04EC0-301F-11D3-BF4B-00C04F79EFBC}") = "Jellyfin.Migration", "Jellyfin.Migration\Jellyfin.Migration.csproj", "{100E88DA-2192-44B0-BBD0-3C17E86FBF7B}"
EndProject
Global
	GlobalSection(SolutionConfigurationPlatforms) = preSolution
		Debug|Any CPU = Debug|Any CPU
		Release|Any CPU = Release|Any CPU
	EndGlobalSection
	GlobalSection(ProjectConfigurationPlatforms) = postSolution
		{100E88DA-2192-44B0-BBD0-3C17E86FBF7B}.Debug|Any CPU.ActiveCfg = Debug|Any CPU
		{100E88DA-2192-44B0-BBD0-3C17E86FBF7B}.Debug|Any CPU.Build.0 = Debug|Any CPU
		{100E88DA-2192-44B0-BBD0-3C17E86FBF7B}.Release|Any CPU.ActiveCfg = Release|Any CPU
		{100E88DA-2192-44B0-BBD0-3C17E86FBF7B}.Release|Any CPU.Build.0 = Release|Any CPU
	EndGlobalSection
EndGlobal
